
Microsoft Visual Studio Solution File, Format Version 12.00
# Visual Studio 2012
Project("{FAE04EC0-301F-11D3-BF4B-00C04F79EFBC}") = "iOSCustomTableView", "iOSCustomTableView\iOSCustomTableView.csproj", "{FC2121D3-8E74-4A31-B713-AF9B3F27ACAB}"
EndProject
Global
	GlobalSection(SolutionConfigurationPlatforms) = preSolution
		Debug|iPhoneSimulator = Debug|iPhoneSimulator
		Release|iPhone = Release|iPhone
		Release|iPhoneSimulator = Release|iPhoneSimulator
		Debug|iPhone = Debug|iPhone
	EndGlobalSection
	GlobalSection(ProjectConfigurationPlatforms) = postSolution
		{FC2121D3-8E74-4A31-B713-AF9B3F27ACAB}.Debug|iPhoneSimulator.ActiveCfg = Debug|iPhoneSimulator
		{FC2121D3-8E74-4A31-B713-AF9B3F27ACAB}.Debug|iPhoneSimulator.Build.0 = Debug|iPhoneSimulator
		{FC2121D3-8E74-4A31-B713-AF9B3F27ACAB}.Release|iPhone.ActiveCfg = Release|iPhone
		{FC2121D3-8E74-4A31-B713-AF9B3F27ACAB}.Release|iPhone.Build.0 = Release|iPhone
		{FC2121D3-8E74-4A31-B713-AF9B3F27ACAB}.Release|iPhoneSimulator.ActiveCfg = Release|iPhoneSimulator
		{FC2121D3-8E74-4A31-B713-AF9B3F27ACAB}.Release|iPhoneSimulator.Build.0 = Release|iPhoneSimulator
		{FC2121D3-8E74-4A31-B713-AF9B3F27ACAB}.Debug|iPhone.ActiveCfg = Debug|iPhone
		{FC2121D3-8E74-4A31-B713-AF9B3F27ACAB}.Debug|iPhone.Build.0 = Debug|iPhone
	EndGlobalSection
EndGlobal
